{
    "name": "counter",
    "version": "1.0.0",
    "lockfileVersion": 3,
    "requires": true,
    "packages": {
        "": {
            "name": "counter",
            "version": "1.0.0",
            "license": "MIT",
            "dependencies": {
                "@hoge1e3/default-map": "^1.0.4"
            }
        },
        "node_modules/@hoge1e3/default-map": {
            "version": "1.0.4",
            "resolved": "https://registry.npmjs.org/@hoge1e3/default-map/-/default-map-1.0.4.tgz",
            "integrity": "sha512-dPrwhkEYQpEEfBAZLm894dYiUrgVIHfZwvxDGTP7rYvRD5/yI7totRf1ZUbqvNYKTyYCLNy+8M+yBDrVNDhC3w==",
            "license": "MIT"
        }
    }
}
